// !$*UTF8*$!
{
	archiveVersion = 1;
	classes = {
	};
	objectVersion = 77;
	objects = {

/* Begin PBXBuildFile section */
		706CF2DF2DD111F20084ECCE /* notes.md in Resources */ = {isa = PBXBuildFile; fileRef = 706CF2DE2DD111EE0084ECCE /* notes.md */; };
/* End PBXBuildFile section */

/* Begin PBXContainerItemProxy section */
		FFC5565E2DCB4556003D3B6F /* PBXContainerItemProxy */ = {
			isa = PBXContainerItemProxy;
			containerPortal = FFC556442DCB4554003D3B6F /* Project object */;
			proxyType = 1;
			remoteGlobalIDString = FFC5564B2DCB4554003D3B6F;
			remoteInfo = "iOS-group-AT3";
		};
		FFC556682DCB4556003D3B6F /* PBXContainerItemProxy */ = {
			isa = PBXContainerItemProxy;
			containerPortal = FFC556442DCB4554003D3B6F /* Project object */;
			proxyType = 1;
			remoteGlobalIDString = FFC5564B2DCB4554003D3B6F;
			remoteInfo = "iOS-group-AT3";
		};
/* End PBXContainerItemProxy section */

/* Begin PBXFileReference section */
		706CF2DE2DD111EE0084ECCE /* notes.md */ = {isa = PBXFileReference; lastKnownFileType = net.daringfireball.markdown; path = notes.md; sourceTree = "<group>"; };
		FFC5564C2DCB4554003D3B6F /* iOS-group-AT3.app */ = {isa = PBXFileReference; explicitFileType = wrapper.application; includeInIndex = 0; path = "iOS-group-AT3.app"; sourceTree = BUILT_PRODUCTS_DIR; };
		FFC5565D2DCB4556003D3B6F /* iOS-group-AT3Tests.xctest */ = {isa = PBXFileReference; explicitFileType = wrapper.cfbundle; includeInIndex = 0; path = "iOS-group-AT3Tests.xctest"; sourceTree = BUILT_PRODUCTS_DIR; };
		FFC556672DCB4556003D3B6F /* iOS-group-AT3UITests.xctest */ = {isa = PBXFileReference; explicitFileType = wrapper.cfbundle; includeInIndex = 0; path = "iOS-group-AT3UITests.xctest"; sourceTree = BUILT_PRODUCTS_DIR; };
/* End PBXFileReference section */

/* Begin PBXFileSystemSynchronizedRootGroup section */
		FFC5564E2DCB4554003D3B6F /* iOS-group-AT3 */ = {
			isa = PBXFileSystemSynchronizedRootGroup;
			path = "iOS-group-AT3";
			sourceTree = "<group>";
		};
		FFC556602DCB4556003D3B6F /* iOS-group-AT3Tests */ = {
			isa = PBXFileSystemSynchronizedRootGroup;
			path = "iOS-group-AT3Tests";
			sourceTree = "<group>";
		};
		FFC5566A2DCB4556003D3B6F /* iOS-group-AT3UITests */ = {
			isa = PBXFileSystemSynchronizedRootGroup;
			path = "iOS-group-AT3UITests";
			sourceTree = "<group>";
		};
/* End PBXFileSystemSynchronizedRootGroup section */

/* Begin PBXFrameworksBuildPhase section */
		FFC556492DCB4554003D3B6F /* Frameworks */ = {
			isa = PBXFrameworksBuildPhase;
			buildActionMask = 2147483647;
			files = (
			);
			runOnlyForDeploymentPostprocessing = 0;
		};
		FFC5565A2DCB4556003D3B6F /* Frameworks */ = {
			isa = PBXFrameworksBuildPhase;
			buildActionMask = 2147483647;
			files = (
			);
			runOnlyForDeploymentPostprocessing = 0;
		};
		FFC556642DCB4556003D3B6F /* Frameworks */ = {
			isa = PBXFrameworksBuildPhase;
			buildActionMask = 2147483647;
			files = (
			);
			runOnlyForDeploymentPostprocessing = 0;
		};
/* End PBXFrameworksBuildPhase section */

/* Begin PBXGroup section */
		FFC556432DCB4554003D3B6F = {
			isa = PBXGroup;
			children = (
				706CF2DE2DD111EE0084ECCE /* notes.md */,
				FFC5564E2DCB4554003D3B6F /* iOS-group-AT3 */,
				FFC556602DCB4556003D3B6F /* iOS-group-AT3Tests */,
				FFC5566A2DCB4556003D3B6F /* iOS-group-AT3UITests */,
				FFC5564D2DCB4554003D3B6F /* Products */,
			);
			sourceTree = "<group>";
		};
		FFC5564D2DCB4554003D3B6F /* Products */ = {
			isa = PBXGroup;
			children = (
				FFC5564C2DCB4554003D3B6F /* iOS-group-AT3.app */,
				FFC5565D2DCB4556003D3B6F /* iOS-group-AT3Tests.xctest */,
				FFC556672DCB4556003D3B6F /* iOS-group-AT3UITests.xctest */,
			);
			name = Products;
			sourceTree = "<group>";
		};
/* End PBXGroup section */

/* Begin PBXNativeTarget section */
		FFC5564B2DCB4554003D3B6F /* iOS-group-AT3 */ = {
			isa = PBXNativeTarget;
			buildConfigurationList = FFC556712DCB4556003D3B6F /* Build configuration list for PBXNativeTarget "iOS-group-AT3" */;
			buildPhases = (
				FFC556482DCB4554003D3B6F /* Sources */,
				FFC556492DCB4554003D3B6F /* Frameworks */,
				FFC5564A2DCB4554003D3B6F /* Resources */,
			);
			buildRules = (
			);
			dependencies = (
			);
			fileSystemSynchronizedGroups = (
				FFC5564E2DCB4554003D3B6F /* iOS-group-AT3 */,
			);
			name = "iOS-group-AT3";
			packageProductDependencies = (
			);
			productName = "iOS-group-AT3";
			productReference = FFC5564C2DCB4554003D3B6F /* iOS-group-AT3.app */;
			productType = "com.apple.product-type.application";
		};
		FFC5565C2DCB4556003D3B6F /* iOS-group-AT3Tests */ = {
			isa = PBXNativeTarget;
			buildConfigurationList = FFC556742DCB4556003D3B6F /* Build configuration list for PBXNativeTarget "iOS-group-AT3Tests" */;
			buildPhases = (
				FFC556592DCB4556003D3B6F /* Sources */,
				FFC5565A2DCB4556003D3B6F /* Frameworks */,
				FFC5565B2DCB4556003D3B6F /* Resources */,
			);
			buildRules = (
			);
			dependencies = (
				FFC5565F2DCB4556003D3B6F /* PBXTargetDependency */,
			);
			fileSystemSynchronizedGroups = (
				FFC556602DCB4556003D3B6F /* iOS-group-AT3Tests */,
			);
			name = "iOS-group-AT3Tests";
			packageProductDependencies = (
			);
			productName = "iOS-group-AT3Tests";
			productReference = FFC5565D2DCB4556003D3B6F /* iOS-group-AT3Tests.xctest */;
			productType = "com.apple.product-type.bundle.unit-test";
		};
		FFC556662DCB4556003D3B6F /* iOS-group-AT3UITests */ = {
			isa = PBXNativeTarget;
			buildConfigurationList = FFC556772DCB4556003D3B6F /* Build configuration list for PBXNativeTarget "iOS-group-AT3UITests" */;
			buildPhases = (
				FFC556632DCB4556003D3B6F /* Sources */,
				FFC556642DCB4556003D3B6F /* Frameworks */,
				FFC556652DCB4556003D3B6F /* Resources */,
			);
			buildRules = (
			);
			dependencies = (
				FFC556692DCB4556003D3B6F /* PBXTargetDependency */,
			);
			fileSystemSynchronizedGroups = (
				FFC5566A2DCB4556003D3B6F /* iOS-group-AT3UITests */,
			);
			name = "iOS-group-AT3UITests";
			packageProductDependencies = (
			);
			productName = "iOS-group-AT3UITests";
			productReference = FFC556672DCB4556003D3B6F /* iOS-group-AT3UITests.xctest */;
			productType = "com.apple.product-type.bundle.ui-testing";
		};
/* End PBXNativeTarget section */

/* Begin PBXProject section */
		FFC556442DCB4554003D3B6F /* Project object */ = {
			isa = PBXProject;
			attributes = {
				BuildIndependentTargetsInParallel = 1;
				LastSwiftUpdateCheck = 1620;
				LastUpgradeCheck = 1620;
				TargetAttributes = {
					FFC5564B2DCB4554003D3B6F = {
						CreatedOnToolsVersion = 16.2;
					};
					FFC5565C2DCB4556003D3B6F = {
						CreatedOnToolsVersion = 16.2;
						TestTargetID = FFC5564B2DCB4554003D3B6F;
					};
					FFC556662DCB4556003D3B6F = {
						CreatedOnToolsVersion = 16.2;
						TestTargetID = FFC5564B2DCB4554003D3B6F;
					};
				};
			};
			buildConfigurationList = FFC556472DCB4554003D3B6F /* Build configuration list for PBXProject "iOS-group-AT3" */;
			developmentRegion = en;
			hasScannedForEncodings = 0;
			knownRegions = (
				en,
				Base,
			);
			mainGroup = FFC556432DCB4554003D3B6F;
			minimizedProjectReferenceProxies = 1;
			preferredProjectObjectVersion = 77;
			productRefGroup = FFC5564D2DCB4554003D3B6F /* Products */;
			projectDirPath = "";
			projectRoot = "";
			targets = (
				FFC5564B2DCB4554003D3B6F /* iOS-group-AT3 */,
				FFC5565C2DCB4556003D3B6F /* iOS-group-AT3Tests */,
				FFC556662DCB4556003D3B6F /* iOS-group-AT3UITests */,
			);
		};
/* End PBXProject section */

/* Begin PBXResourcesBuildPhase section */
		FFC5564A2DCB4554003D3B6F /* Resources */ = {
			isa = PBXResourcesBuildPhase;
			buildActionMask = 2147483647;
			files = (
				706CF2DF2DD111F20084ECCE /* notes.md in Resources */,
			);
			runOnlyForDeploymentPostprocessing = 0;
		};
		FFC5565B2DCB4556003D3B6F /* Resources */ = {
			isa = PBXResourcesBuildPhase;
			buildActionMask = 2147483647;
			files = (
			);
			runOnlyForDeploymentPostprocessing = 0;
		};
		FFC556652DCB4556003D3B6F /* Resources */ = {
			isa = PBXResourcesBuildPhase;
			buildActionMask = 2147483647;
			files = (
			);
			runOnlyForDeploymentPostprocessing = 0;
		};
/* End PBXResourcesBuildPhase section */

/* Begin PBXSourcesBuildPhase section */
		FFC556482DCB4554003D3B6F /* Sources */ = {
			isa = PBXSourcesBuildPhase;
			buildActionMask = 2147483647;
			files = (
			);
			runOnlyForDeploymentPostprocessing = 0;
		};
		FFC556592DCB4556003D3B6F /* Sources */ = {
			isa = PBXSourcesBuildPhase;
			buildActionMask = 2147483647;
			files = (
			);
			runOnlyForDeploymentPostprocessing = 0;
		};
		FFC556632DCB4556003D3B6F /* Sources */ = {
			isa = PBXSourcesBuildPhase;
			buildActionMask = 2147483647;
			files = (
			);
			runOnlyForDeploymentPostprocessing = 0;
		};
/* End PBXSourcesBuildPhase section */

/* Begin PBXTargetDependency section */
		FFC5565F2DCB4556003D3B6F /* PBXTargetDependency */ = {
			isa = PBXTargetDependency;
			target = FFC5564B2DCB4554003D3B6F /* iOS-group-AT3 */;
			targetProxy = FFC5565E2DCB4556003D3B6F /* PBXContainerItemProxy */;
		};
		FFC556692DCB4556003D3B6F /* PBXTargetDependency */ = {
			isa = PBXTargetDependency;
			target = FFC5564B2DCB4554003D3B6F /* iOS-group-AT3 */;
			targetProxy = FFC556682DCB4556003D3B6F /* PBXContainerItemProxy */;
		};
/* End PBXTargetDependency section */

/* Begin XCBuildConfiguration section */
		FFC5566F2DCB4556003D3B6F /* Debug */ = {
			isa = XCBuildConfiguration;
			buildSettings = {
				ALWAYS_SEARCH_USER_PATHS = NO;
				ASSETCATALOG_COMPILER_GENERATE_SWIFT_ASSET_SYMBOL_EXTENSIONS = YES;
				CLANG_ANALYZER_NONNULL = YES;
				CLANG_ANALYZER_NUMBER_OBJECT_CONVERSION = YES_AGGRESSIVE;
				CLANG_CXX_LANGUAGE_STANDARD = "gnu++20";
				CLANG_ENABLE_MODULES = YES;
				CLANG_ENABLE_OBJC_ARC = YES;
				CLANG_ENABLE_OBJC_WEAK = YES;
				CLANG_WARN_BLOCK_CAPTURE_AUTORELEASING = YES;
				CLANG_WARN_BOOL_CONVERSION = YES;
				CLANG_WARN_COMMA = YES;
				CLANG_WARN_CONSTANT_CONVERSION = YES;
				CLANG_WARN_DEPRECATED_OBJC_IMPLEMENTATIONS = YES;
				CLANG_WARN_DIRECT_OBJC_ISA_USAGE = YES_ERROR;
				CLANG_WARN_DOCUMENTATION_COMMENTS = YES;
				CLANG_WARN_EMPTY_BODY = YES;
				CLANG_WARN_ENUM_CONVERSION = YES;
				CLANG_WARN_INFINITE_RECURSION = YES;
				CLANG_WARN_INT_CONVERSION = YES;
				CLANG_WARN_NON_LITERAL_NULL_CONVERSION = YES;
				CLANG_WARN_OBJC_IMPLICIT_RETAIN_SELF = YES;
				CLANG_WARN_OBJC_LITERAL_CONVERSION = YES;
				CLANG_WARN_OBJC_ROOT_CLASS = YES_ERROR;
				CLANG_WARN_QUOTED_INCLUDE_IN_FRAMEWORK_HEADER = YES;
				CLANG_WARN_RANGE_LOOP_ANALYSIS = YES;
				CLANG_WARN_STRICT_PROTOTYPES = YES;
				CLANG_WARN_SUSPICIOUS_MOVE = YES;
				CLANG_WARN_UNGUARDED_AVAILABILITY = YES_AGGRESSIVE;
				CLANG_WARN_UNREACHABLE_CODE = YES;
				CLANG_WARN__DUPLICATE_METHOD_MATCH = YES;
				COPY_PHASE_STRIP = NO;
				DEBUG_INFORMATION_FORMAT = dwarf;
				ENABLE_STRICT_OBJC_MSGSEND = YES;
				ENABLE_TESTABILITY = YES;
				ENABLE_USER_SCRIPT_SANDBOXING = YES;
				GCC_C_LANGUAGE_STANDARD = gnu17;
				GCC_DYNAMIC_NO_PIC = NO;
				GCC_NO_COMMON_BLOCKS = YES;
				GCC_OPTIMIZATION_LEVEL = 0;
				GCC_PREPROCESSOR_DEFINITIONS = (
					"DEBUG=1",
					"$(inherited)",
				);
				GCC_WARN_64_TO_32_BIT_CONVERSION = YES;
				GCC_WARN_ABOUT_RETURN_TYPE = YES_ERROR;
				GCC_WARN_UNDECLARED_SELECTOR = YES;
				GCC_WARN_UNINITIALIZED_AUTOS = YES_AGGRESSIVE;
				GCC_WARN_UNUSED_FUNCTION = YES;
				GCC_WARN_UNUSED_VARIABLE = YES;
				LOCALIZATION_PREFERS_STRING_CATALOGS = YES;
				MTL_ENABLE_DEBUG_INFO = INCLUDE_SOURCE;
				MTL_FAST_MATH = YES;
				ONLY_ACTIVE_ARCH = YES;
				SWIFT_ACTIVE_COMPILATION_CONDITIONS = "DEBUG $(inherited)";
				SWIFT_OPTIMIZATION_LEVEL = "-Onone";
			};
			name = Debug;
		};
		FFC556702DCB4556003D3B6F /* Release */ = {
			isa = XCBuildConfiguration;
			buildSettings = {
				ALWAYS_SEARCH_USER_PATHS = NO;
				ASSETCATALOG_COMPILER_GENERATE_SWIFT_ASSET_SYMBOL_EXTENSIONS = YES;
				CLANG_ANALYZER_NONNULL = YES;
				CLANG_ANALYZER_NUMBER_OBJECT_CONVERSION = YES_AGGRESSIVE;
				CLANG_CXX_LANGUAGE_STANDARD = "gnu++20";
				CLANG_ENABLE_MODULES = YES;
				CLANG_ENABLE_OBJC_ARC = YES;
				CLANG_ENABLE_OBJC_WEAK = YES;
				CLANG_WARN_BLOCK_CAPTURE_AUTORELEASING = YES;
				CLANG_WARN_BOOL_CONVERSION = YES;
				CLANG_WARN_COMMA = YES;
				CLANG_WARN_CONSTANT_CONVERSION = YES;
				CLANG_WARN_DEPRECATED_OBJC_IMPLEMENTATIONS = YES;
				CLANG_WARN_DIRECT_OBJC_ISA_USAGE = YES_ERROR;
				CLANG_WARN_DOCUMENTATION_COMMENTS = YES;
				CLANG_WARN_EMPTY_BODY = YES;
				CLANG_WARN_ENUM_CONVERSION = YES;
				CLANG_WARN_INFINITE_RECURSION = YES;
				CLANG_WARN_INT_CONVERSION = YES;
				CLANG_WARN_NON_LITERAL_NULL_CONVERSION = YES;
				CLANG_WARN_OBJC_IMPLICIT_RETAIN_SELF = YES;
				CLANG_WARN_OBJC_LITERAL_CONVERSION = YES;
				CLANG_WARN_OBJC_ROOT_CLASS = YES_ERROR;
				CLANG_WARN_QUOTED_INCLUDE_IN_FRAMEWORK_HEADER = YES;
				CLANG_WARN_RANGE_LOOP_ANALYSIS = YES;
				CLANG_WARN_STRICT_PROTOTYPES = YES;
				CLANG_WARN_SUSPICIOUS_MOVE = YES;
				CLANG_WARN_UNGUARDED_AVAILABILITY = YES_AGGRESSIVE;
				CLANG_WARN_UNREACHABLE_CODE = YES;
				CLANG_WARN__DUPLICATE_METHOD_MATCH = YES;
				COPY_PHASE_STRIP = NO;
				DEBUG_INFORMATION_FORMAT = "dwarf-with-dsym";
				ENABLE_NS_ASSERTIONS = NO;
				ENABLE_STRICT_OBJC_MSGSEND = YES;
				ENABLE_USER_SCRIPT_SANDBOXING = YES;
				GCC_C_LANGUAGE_STANDARD = gnu17;
				GCC_NO_COMMON_BLOCKS = YES;
				GCC_WARN_64_TO_32_BIT_CONVERSION = YES;
				GCC_WARN_ABOUT_RETURN_TYPE = YES_ERROR;
				GCC_WARN_UNDECLARED_SELECTOR = YES;
				GCC_WARN_UNINITIALIZED_AUTOS = YES_AGGRESSIVE;
				GCC_WARN_UNUSED_FUNCTION = YES;
				GCC_WARN_UNUSED_VARIABLE = YES;
				LOCALIZATION_PREFERS_STRING_CATALOGS = YES;
				MTL_ENABLE_DEBUG_INFO = NO;
				MTL_FAST_MATH = YES;
				SWIFT_COMPILATION_MODE = wholemodule;
			};
			name = Release;
		};
		FFC556722DCB4556003D3B6F /* Debug */ = {
			isa = XCBuildConfiguration;
			buildSettings = {
				ASSETCATALOG_COMPILER_APPICON_NAME = AppIcon;
				ASSETCATALOG_COMPILER_GLOBAL_ACCENT_COLOR_NAME = AccentColor;
				CODE_SIGN_ENTITLEMENTS = "iOS-group-AT3/iOS_group_AT3.entitlements";
				CODE_SIGN_STYLE = Automatic;
				CURRENT_PROJECT_VERSION = 1;
				DEVELOPMENT_ASSET_PATHS = "\"iOS-group-AT3/Preview Content\"";
				ENABLE_PREVIEWS = YES;
				GENERATE_INFOPLIST_FILE = YES;
				"INFOPLIST_KEY_UIApplicationSceneManifest_Generation[sdk=iphoneos*]" = YES;
				"INFOPLIST_KEY_UIApplicationSceneManifest_Generation[sdk=iphonesimulator*]" = YES;
				"INFOPLIST_KEY_UIApplicationSupportsIndirectInputEvents[sdk=iphoneos*]" = YES;
				"INFOPLIST_KEY_UIApplicationSupportsIndirectInputEvents[sdk=iphonesimulator*]" = YES;
				"INFOPLIST_KEY_UILaunchScreen_Generation[sdk=iphoneos*]" = YES;
				"INFOPLIST_KEY_UILaunchScreen_Generation[sdk=iphonesimulator*]" = YES;
				"INFOPLIST_KEY_UIStatusBarStyle[sdk=iphoneos*]" = UIStatusBarStyleDefault;
				"INFOPLIST_KEY_UIStatusBarStyle[sdk=iphonesimulator*]" = UIStatusBarStyleDefault;
				INFOPLIST_KEY_UISupportedInterfaceOrientations_iPad = "UIInterfaceOrientationPortrait UIInterfaceOrientationPortraitUpsideDown UIInterfaceOrientationLandscapeLeft UIInterfaceOrientationLandscapeRight";
				INFOPLIST_KEY_UISupportedInterfaceOrientations_iPhone = "UIInterfaceOrientationPortrait UIInterfaceOrientationLandscapeLeft UIInterfaceOrientationLandscapeRight";
				IPHONEOS_DEPLOYMENT_TARGET = 18.2;
				LD_RUNPATH_SEARCH_PATHS = "@executable_path/Frameworks";
				"LD_RUNPATH_SEARCH_PATHS[sdk=macosx*]" = "@executable_path/../Frameworks";
				MACOSX_DEPLOYMENT_TARGET = 14.5;
				MARKETING_VERSION = 1.0;
				PRODUCT_BUNDLE_IDENTIFIER = "io..iOS-group-AT3";
				PRODUCT_NAME = "$(TARGET_NAME)";
				SDKROOT = auto;
				SUPPORTED_PLATFORMS = "iphoneos iphonesimulator macosx xros xrsimulator";
				SWIFT_EMIT_LOC_STRINGS = YES;
				SWIFT_VERSION = 5.0;
				TARGETED_DEVICE_FAMILY = "1,2,7";
				XROS_DEPLOYMENT_TARGET = 2.2;
			};
			name = Debug;
		};
		FFC556732DCB4556003D3B6F /* Release */ = {
			isa = XCBuildConfiguration;
			buildSettings = {
				ASSETCATALOG_COMPILER_APPICON_NAME = AppIcon;
				ASSETCATALOG_COMPILER_GLOBAL_ACCENT_COLOR_NAME = AccentColor;
				CODE_SIGN_ENTITLEMENTS = "iOS-group-AT3/iOS_group_AT3.entitlements";
				CODE_SIGN_STYLE = Automatic;
				CURRENT_PROJECT_VERSION = 1;
				DEVELOPMENT_ASSET_PATHS = "\"iOS-group-AT3/Preview Content\"";
				ENABLE_PREVIEWS = YES;
				GENERATE_INFOPLIST_FILE = YES;
				"INFOPLIST_KEY_UIApplicationSceneManifest_Generation[sdk=iphoneos*]" = YES;
				"INFOPLIST_KEY_UIApplicationSceneManifest_Generation[sdk=iphonesimulator*]" = YES;
				"INFOPLIST_KEY_UIApplicationSupportsIndirectInputEvents[sdk=iphoneos*]" = YES;
				"INFOPLIST_KEY_UIApplicationSupportsIndirectInputEvents[sdk=iphonesimulator*]" = YES;
				"INFOPLIST_KEY_UILaunchScreen_Generation[sdk=iphoneos*]" = YES;
				"INFOPLIST_KEY_UILaunchScreen_Generation[sdk=iphonesimulator*]" = YES;
				"INFOPLIST_KEY_UIStatusBarStyle[sdk=iphoneos*]" = UIStatusBarStyleDefault;
				"INFOPLIST_KEY_UIStatusBarStyle[sdk=iphonesimulator*]" = UIStatusBarStyleDefault;
				INFOPLIST_KEY_UISupportedInterfaceOrientations_iPad = "UIInterfaceOrientationPortrait UIInterfaceOrientationPortraitUpsideDown UIInterfaceOrientationLandscapeLeft UIInterfaceOrientationLandscapeRight";
				INFOPLIST_KEY_UISupportedInterfaceOrientations_iPhone = "UIInterfaceOrientationPortrait UIInterfaceOrientationLandscapeLeft UIInterfaceOrientationLandscapeRight";
				IPHONEOS_DEPLOYMENT_TARGET = 18.2;
				LD_RUNPATH_SEARCH_PATHS = "@executable_path/Frameworks";
				"LD_RUNPATH_SEARCH_PATHS[sdk=macosx*]" = "@executable_path/../Frameworks";
				MACOSX_DEPLOYMENT_TARGET = 14.5;
				MARKETING_VERSION = 1.0;
				PRODUCT_BUNDLE_IDENTIFIER = "io..iOS-group-AT3";
				PRODUCT_NAME = "$(TARGET_NAME)";
				SDKROOT = auto;
				SUPPORTED_PLATFORMS = "iphoneos iphonesimulator macosx xros xrsimulator";
				SWIFT_EMIT_LOC_STRINGS = YES;
				SWIFT_VERSION = 5.0;
				TARGETED_DEVICE_FAMILY = "1,2,7";
				XROS_DEPLOYMENT_TARGET = 2.2;
			};
			name = Release;
		};
		FFC556752DCB4556003D3B6F /* Debug */ = {
			isa = XCBuildConfiguration;
			buildSettings = {
				BUNDLE_LOADER = "$(TEST_HOST)";
				CODE_SIGN_STYLE = Automatic;
				CURRENT_PROJECT_VERSION = 1;
				GENERATE_INFOPLIST_FILE = YES;
				IPHONEOS_DEPLOYMENT_TARGET = 18.2;
				MACOSX_DEPLOYMENT_TARGET = 14.5;
				MARKETING_VERSION = 1.0;
				PRODUCT_BUNDLE_IDENTIFIER = "io..iOS-group-AT3Tests";
				PRODUCT_NAME = "$(TARGET_NAME)";
				SDKROOT = auto;
				SUPPORTED_PLATFORMS = "iphoneos iphonesimulator macosx xros xrsimulator";
				SWIFT_EMIT_LOC_STRINGS = NO;
				SWIFT_VERSION = 5.0;
				TARGETED_DEVICE_FAMILY = "1,2,7";
				TEST_HOST = "$(BUILT_PRODUCTS_DIR)/iOS-group-AT3.app/$(BUNDLE_EXECUTABLE_FOLDER_PATH)/iOS-group-AT3";
				XROS_DEPLOYMENT_TARGET = 2.2;
			};
			name = Debug;
		};
		FFC556762DCB4556003D3B6F /* Release */ = {
			isa = XCBuildConfiguration;
			buildSettings = {
				BUNDLE_LOADER = "$(TEST_HOST)";
				CODE_SIGN_STYLE = Automatic;
				CURRENT_PROJECT_VERSION = 1;
				GENERATE_INFOPLIST_FILE = YES;
				IPHONEOS_DEPLOYMENT_TARGET = 18.2;
				MACOSX_DEPLOYMENT_TARGET = 14.5;
				MARKETING_VERSION = 1.0;
				PRODUCT_BUNDLE_IDENTIFIER = "io..iOS-group-AT3Tests";
				PRODUCT_NAME = "$(TARGET_NAME)";
				SDKROOT = auto;
				SUPPORTED_PLATFORMS = "iphoneos iphonesimulator macosx xros xrsimulator";
				SWIFT_EMIT_LOC_STRINGS = NO;
				SWIFT_VERSION = 5.0;
				TARGETED_DEVICE_FAMILY = "1,2,7";
				TEST_HOST = "$(BUILT_PRODUCTS_DIR)/iOS-group-AT3.app/$(BUNDLE_EXECUTABLE_FOLDER_PATH)/iOS-group-AT3";
				XROS_DEPLOYMENT_TARGET = 2.2;
			};
			name = Release;
		};
		FFC556782DCB4556003D3B6F /* Debug */ = {
			isa = XCBuildConfiguration;
			buildSettings = {
				CODE_SIGN_STYLE = Automatic;
				CURRENT_PROJECT_VERSION = 1;
				GENERATE_INFOPLIST_FILE = YES;
				IPHONEOS_DEPLOYMENT_TARGET = 18.2;
				MACOSX_DEPLOYMENT_TARGET = 14.5;
				MARKETING_VERSION = 1.0;
				PRODUCT_BUNDLE_IDENTIFIER = "io..iOS-group-AT3UITests";
				PRODUCT_NAME = "$(TARGET_NAME)";
				SDKROOT = auto;
				SUPPORTED_PLATFORMS = "iphoneos iphonesimulator macosx xros xrsimulator";
				SWIFT_EMIT_LOC_STRINGS = NO;
				SWIFT_VERSION = 5.0;
				TARGETED_DEVICE_FAMILY = "1,2,7";
				TEST_TARGET_NAME = "iOS-group-AT3";
				XROS_DEPLOYMENT_TARGET = 2.2;
			};
			name = Debug;
		};
		FFC556792DCB4556003D3B6F /* Release */ = {
			isa = XCBuildConfiguration;
			buildSettings = {
				CODE_SIGN_STYLE = Automatic;
				CURRENT_PROJECT_VERSION = 1;
				GENERATE_INFOPLIST_FILE = YES;
				IPHONEOS_DEPLOYMENT_TARGET = 18.2;
				MACOSX_DEPLOYMENT_TARGET = 14.5;
				MARKETING_VERSION = 1.0;
				PRODUCT_BUNDLE_IDENTIFIER = "io..iOS-group-AT3UITests";
				PRODUCT_NAME = "$(TARGET_NAME)";
				SDKROOT = auto;
				SUPPORTED_PLATFORMS = "iphoneos iphonesimulator macosx xros xrsimulator";
				SWIFT_EMIT_LOC_STRINGS = NO;
				SWIFT_VERSION = 5.0;
				TARGETED_DEVICE_FAMILY = "1,2,7";
				TEST_TARGET_NAME = "iOS-group-AT3";
				XROS_DEPLOYMENT_TARGET = 2.2;
			};
			name = Release;
		};
/* End XCBuildConfiguration section */

/* Begin XCConfigurationList section */
		FFC556472DCB4554003D3B6F /* Build configuration list for PBXProject "iOS-group-AT3" */ = {
			isa = XCConfigurationList;
			buildConfigurations = (
				FFC5566F2DCB4556003D3B6F /* Debug */,
				FFC556702DCB4556003D3B6F /* Release */,
			);
			defaultConfigurationIsVisible = 0;
			defaultConfigurationName = Release;
		};
		FFC556712DCB4556003D3B6F /* Build configuration list for PBXNativeTarget "iOS-group-AT3" */ = {
			isa = XCConfigurationList;
			buildConfigurations = (
				FFC556722DCB4556003D3B6F /* Debug */,
				FFC556732DCB4556003D3B6F /* Release */,
			);
			defaultConfigurationIsVisible = 0;
			defaultConfigurationName = Release;
		};
		FFC556742DCB4556003D3B6F /* Build configuration list for PBXNativeTarget "iOS-group-AT3Tests" */ = {
			isa = XCConfigurationList;
			buildConfigurations = (
				FFC556752DCB4556003D3B6F /* Debug */,
				FFC556762DCB4556003D3B6F /* Release */,
			);
			defaultConfigurationIsVisible = 0;
			defaultConfigurationName = Release;
		};
		FFC556772DCB4556003D3B6F /* Build configuration list for PBXNativeTarget "iOS-group-AT3UITests" */ = {
			isa = XCConfigurationList;
			buildConfigurations = (
				FFC556782DCB4556003D3B6F /* Debug */,
				FFC556792DCB4556003D3B6F /* Release */,
			);
			defaultConfigurationIsVisible = 0;
			defaultConfigurationName = Release;
		};
/* End XCConfigurationList section */
	};
	rootObject = FFC556442DCB4554003D3B6F /* Project object */;
}
